
Microsoft Visual Studio Solution File, Format Version 12.00
# Visual Studio Version 17
VisualStudioVersion = 17.5.33516.290
MinimumVisualStudioVersion = 10.0.40219.1
Project("{FAE04EC0-301F-11D3-BF4B-00C04F79EFBC}") = "BibliotecaPublica", "BibliotecaPublica\BibliotecaPublica.csproj", "{A126AA40-F837-47C6-B544-25BF32310250}"
EndProject
Global
	GlobalSection(SolutionConfigurationPlatforms) = preSolution
		Debug|Any CPU = Debug|Any CPU
		Release|Any CPU = Release|Any CPU
	EndGlobalSection
	GlobalSection(ProjectConfigurationPlatforms) = postSolution
		{A126AA40-F837-47C6-B544-25BF32310250}.Debug|Any CPU.ActiveCfg = Debug|Any CPU
		{A126AA40-F837-47C6-B544-25BF32310250}.Debug|Any CPU.Build.0 = Debug|Any CPU
		{A126AA40-F837-47C6-B544-25BF32310250}.Release|Any CPU.ActiveCfg = Release|Any CPU
		{A126AA40-F837-47C6-B544-25BF32310250}.Release|Any CPU.Build.0 = Release|Any CPU
	EndGlobalSection
	GlobalSection(SolutionProperties) = preSolution
		HideSolutionNode = FALSE
	EndGlobalSection
	GlobalSection(ExtensibilityGlobals) = postSolution
		SolutionGuid = {105BF905-F736-46AC-A838-C0B0668813A3}
	EndGlobalSection
EndGlobal
