
Microsoft Visual Studio Solution File, Format Version 12.00
# Visual Studio Version 17
VisualStudioVersion = 17.4.33213.308
MinimumVisualStudioVersion = 10.0.40219.1
Project("{FAE04EC0-301F-11D3-BF4B-00C04F79EFBC}") = "ExcecoesEx2M1S05", "ExcecoesEx2M1S05\ExcecoesEx2M1S05.csproj", "{310B317C-84AC-42B0-91B8-42E39761E387}"
EndProject
Global
	GlobalSection(SolutionConfigurationPlatforms) = preSolution
		Debug|Any CPU = Debug|Any CPU
		Release|Any CPU = Release|Any CPU
	EndGlobalSection
	GlobalSection(ProjectConfigurationPlatforms) = postSolution
		{310B317C-84AC-42B0-91B8-42E39761E387}.Debug|Any CPU.ActiveCfg = Debug|Any CPU
		{310B317C-84AC-42B0-91B8-42E39761E387}.Debug|Any CPU.Build.0 = Debug|Any CPU
		{310B317C-84AC-42B0-91B8-42E39761E387}.Release|Any CPU.ActiveCfg = Release|Any CPU
		{310B317C-84AC-42B0-91B8-42E39761E387}.Release|Any CPU.Build.0 = Release|Any CPU
	EndGlobalSection
	GlobalSection(SolutionProperties) = preSolution
		HideSolutionNode = FALSE
	EndGlobalSection
	GlobalSection(ExtensibilityGlobals) = postSolution
		SolutionGuid = {D4B2A1A7-943A-41D6-90DC-D43F531C8171}
	EndGlobalSection
EndGlobal
