
Microsoft Visual Studio Solution File, Format Version 12.00
# Visual Studio Version 17
VisualStudioVersion = 17.4.33213.308
MinimumVisualStudioVersion = 10.0.40219.1
Project("{FAE04EC0-301F-11D3-BF4B-00C04F79EFBC}") = "TDD_semana05", "TDD_semana05\TDD_semana05.csproj", "{4CA80118-4BD0-4885-A39E-30834CDC01B1}"
EndProject
Project("{FAE04EC0-301F-11D3-BF4B-00C04F79EFBC}") = "CalculadoraTddTeste", "CalculadoraTddTeste\CalculadoraTddTeste.csproj", "{45B00671-DD49-4736-AA09-087CAB495F53}"
EndProject
Global
	GlobalSection(SolutionConfigurationPlatforms) = preSolution
		Debug|Any CPU = Debug|Any CPU
		Release|Any CPU = Release|Any CPU
	EndGlobalSection
	GlobalSection(ProjectConfigurationPlatforms) = postSolution
		{4CA80118-4BD0-4885-A39E-30834CDC01B1}.Debug|Any CPU.ActiveCfg = Debug|Any CPU
		{4CA80118-4BD0-4885-A39E-30834CDC01B1}.Debug|Any CPU.Build.0 = Debug|Any CPU
		{4CA80118-4BD0-4885-A39E-30834CDC01B1}.Release|Any CPU.ActiveCfg = Release|Any CPU
		{4CA80118-4BD0-4885-A39E-30834CDC01B1}.Release|Any CPU.Build.0 = Release|Any CPU
		{45B00671-DD49-4736-AA09-087CAB495F53}.Debug|Any CPU.ActiveCfg = Debug|Any CPU
		{45B00671-DD49-4736-AA09-087CAB495F53}.Debug|Any CPU.Build.0 = Debug|Any CPU
		{45B00671-DD49-4736-AA09-087CAB495F53}.Release|Any CPU.ActiveCfg = Release|Any CPU
		{45B00671-DD49-4736-AA09-087CAB495F53}.Release|Any CPU.Build.0 = Release|Any CPU
	EndGlobalSection
	GlobalSection(SolutionProperties) = preSolution
		HideSolutionNode = FALSE
	EndGlobalSection
	GlobalSection(ExtensibilityGlobals) = postSolution
		SolutionGuid = {2D8CAA9E-BC2F-4EC5-9C2D-0414CB9CD372}
	EndGlobalSection
EndGlobal
