
Microsoft Visual Studio Solution File, Format Version 12.00
# Visual Studio Version 17
VisualStudioVersion = 17.4.33213.308
MinimumVisualStudioVersion = 10.0.40219.1
Project("{FAE04EC0-301F-11D3-BF4B-00C04F79EFBC}") = "PrimeNumbersss", "PrimeNumbersss\PrimeNumbersss.csproj", "{E007BAF3-70ED-4621-8501-CDCB6E475AA4}"
EndProject
Global
	GlobalSection(SolutionConfigurationPlatforms) = preSolution
		Debug|Any CPU = Debug|Any CPU
		Release|Any CPU = Release|Any CPU
	EndGlobalSection
	GlobalSection(ProjectConfigurationPlatforms) = postSolution
		{E007BAF3-70ED-4621-8501-CDCB6E475AA4}.Debug|Any CPU.ActiveCfg = Debug|Any CPU
		{E007BAF3-70ED-4621-8501-CDCB6E475AA4}.Debug|Any CPU.Build.0 = Debug|Any CPU
		{E007BAF3-70ED-4621-8501-CDCB6E475AA4}.Release|Any CPU.ActiveCfg = Release|Any CPU
		{E007BAF3-70ED-4621-8501-CDCB6E475AA4}.Release|Any CPU.Build.0 = Release|Any CPU
	EndGlobalSection
	GlobalSection(SolutionProperties) = preSolution
		HideSolutionNode = FALSE
	EndGlobalSection
	GlobalSection(ExtensibilityGlobals) = postSolution
		SolutionGuid = {38585016-E951-42C2-AB00-5882158F1496}
	EndGlobalSection
EndGlobal
