
Microsoft Visual Studio Solution File, Format Version 12.00
# Visual Studio Version 17
VisualStudioVersion = 17.5.33516.290
MinimumVisualStudioVersion = 10.0.40219.1
Project("{9A19103F-16F7-4668-BE54-9A1E7A4F7556}") = "Escola", "Escola.csproj", "{94228FA4-9207-400F-8107-42C7DF0E94EA}"
EndProject
Global
	GlobalSection(SolutionConfigurationPlatforms) = preSolution
		Debug|Any CPU = Debug|Any CPU
		Release|Any CPU = Release|Any CPU
	EndGlobalSection
	GlobalSection(ProjectConfigurationPlatforms) = postSolution
		{94228FA4-9207-400F-8107-42C7DF0E94EA}.Debug|Any CPU.ActiveCfg = Debug|Any CPU
		{94228FA4-9207-400F-8107-42C7DF0E94EA}.Debug|Any CPU.Build.0 = Debug|Any CPU
		{94228FA4-9207-400F-8107-42C7DF0E94EA}.Release|Any CPU.ActiveCfg = Release|Any CPU
		{94228FA4-9207-400F-8107-42C7DF0E94EA}.Release|Any CPU.Build.0 = Release|Any CPU
	EndGlobalSection
	GlobalSection(SolutionProperties) = preSolution
		HideSolutionNode = FALSE
	EndGlobalSection
	GlobalSection(ExtensibilityGlobals) = postSolution
		SolutionGuid = {2B552F0C-8B57-4634-8052-E3BEBB6B3F9D}
	EndGlobalSection
EndGlobal
